
Microsoft Visual Studio Solution File, Format Version 12.00
# Visual Studio Version 17
VisualStudioVersion = 17.4.33213.308
MinimumVisualStudioVersion = 10.0.40219.1
Project("{FAE04EC0-301F-11D3-BF4B-00C04F79EFBC}") = "App3.Android", "App3\App3.Android\App3.Android.csproj", "{D5F7AAC5-24B3-4869-A6B4-2D439223B061}"
EndProject
Project("{FAE04EC0-301F-11D3-BF4B-00C04F79EFBC}") = "App3.iOS", "App3\App3.iOS\App3.iOS.csproj", "{3616ACA3-3D85-40DE-9776-117B35CC8BB5}"
EndProject
Project("{FAE04EC0-301F-11D3-BF4B-00C04F79EFBC}") = "App3", "App3\App3\App3.csproj", "{8EB7327A-EB48-44D6-A214-0BC5F6773AF1}"
EndProject
Global
	GlobalSection(SolutionConfigurationPlatforms) = preSolution
		Debug|Any CPU = Debug|Any CPU
		Debug|iPhone = Debug|iPhone
		Debug|iPhoneSimulator = Debug|iPhoneSimulator
		Release|Any CPU = Release|Any CPU
		Release|iPhone = Release|iPhone
		Release|iPhoneSimulator = Release|iPhoneSimulator
	EndGlobalSection
	GlobalSection(ProjectConfigurationPlatforms) = postSolution
		{D5F7AAC5-24B3-4869-A6B4-2D439223B061}.Debug|Any CPU.ActiveCfg = Debug|Any CPU
		{D5F7AAC5-24B3-4869-A6B4-2D439223B061}.Debug|Any CPU.Build.0 = Debug|Any CPU
		{D5F7AAC5-24B3-4869-A6B4-2D439223B061}.Debug|Any CPU.Deploy.0 = Debug|Any CPU
		{D5F7AAC5-24B3-4869-A6B4-2D439223B061}.Debug|iPhone.ActiveCfg = Debug|Any CPU
		{D5F7AAC5-24B3-4869-A6B4-2D439223B061}.Debug|iPhone.Build.0 = Debug|Any CPU
		{D5F7AAC5-24B3-4869-A6B4-2D439223B061}.Debug|iPhone.Deploy.0 = Debug|Any CPU
		{D5F7AAC5-24B3-4869-A6B4-2D439223B061}.Debug|iPhoneSimulator.ActiveCfg = Debug|Any CPU
		{D5F7AAC5-24B3-4869-A6B4-2D439223B061}.Debug|iPhoneSimulator.Build.0 = Debug|Any CPU
		{D5F7AAC5-24B3-4869-A6B4-2D439223B061}.Debug|iPhoneSimulator.Deploy.0 = Debug|Any CPU
		{D5F7AAC5-24B3-4869-A6B4-2D439223B061}.Release|Any CPU.ActiveCfg = Release|Any CPU
		{D5F7AAC5-24B3-4869-A6B4-2D439223B061}.Release|Any CPU.Build.0 = Release|Any CPU
		{D5F7AAC5-24B3-4869-A6B4-2D439223B061}.Release|Any CPU.Deploy.0 = Release|Any CPU
		{D5F7AAC5-24B3-4869-A6B4-2D439223B061}.Release|iPhone.ActiveCfg = Release|Any CPU
		{D5F7AAC5-24B3-4869-A6B4-2D439223B061}.Release|iPhone.Build.0 = Release|Any CPU
		{D5F7AAC5-24B3-4869-A6B4-2D439223B061}.Release|iPhone.Deploy.0 = Release|Any CPU
		{D5F7AAC5-24B3-4869-A6B4-2D439223B061}.Release|iPhoneSimulator.ActiveCfg = Release|Any CPU
		{D5F7AAC5-24B3-4869-A6B4-2D439223B061}.Release|iPhoneSimulator.Build.0 = Release|Any CPU
		{D5F7AAC5-24B3-4869-A6B4-2D439223B061}.Release|iPhoneSimulator.Deploy.0 = Release|Any CPU
		{3616ACA3-3D85-40DE-9776-117B35CC8BB5}.Debug|Any CPU.ActiveCfg = Debug|iPhone
		{3616ACA3-3D85-40DE-9776-117B35CC8BB5}.Debug|Any CPU.Build.0 = Debug|iPhone
		{3616ACA3-3D85-40DE-9776-117B35CC8BB5}.Debug|Any CPU.Deploy.0 = Debug|iPhone
		{3616ACA3-3D85-40DE-9776-117B35CC8BB5}.Debug|iPhone.ActiveCfg = Debug|iPhone
		{3616ACA3-3D85-40DE-9776-117B35CC8BB5}.Debug|iPhone.Build.0 = Debug|iPhone
		{3616ACA3-3D85-40DE-9776-117B35CC8BB5}.Debug|iPhone.Deploy.0 = Debug|iPhone
		{3616ACA3-3D85-40DE-9776-117B35CC8BB5}.Debug|iPhoneSimulator.ActiveCfg = Debug|iPhoneSimulator
		{3616ACA3-3D85-40DE-9776-117B35CC8BB5}.Debug|iPhoneSimulator.Build.0 = Debug|iPhoneSimulator
		{3616ACA3-3D85-40DE-9776-117B35CC8BB5}.Debug|iPhoneSimulator.Deploy.0 = Debug|iPhoneSimulator
		{3616ACA3-3D85-40DE-9776-117B35CC8BB5}.Release|Any CPU.ActiveCfg = Release|iPhoneSimulator
		{3616ACA3-3D85-40DE-9776-117B35CC8BB5}.Release|Any CPU.Build.0 = Release|iPhoneSimulator
		{3616ACA3-3D85-40DE-9776-117B35CC8BB5}.Release|Any CPU.Deploy.0 = Release|iPhoneSimulator
		{3616ACA3-3D85-40DE-9776-117B35CC8BB5}.Release|iPhone.ActiveCfg = Release|iPhone
		{3616ACA3-3D85-40DE-9776-117B35CC8BB5}.Release|iPhone.Build.0 = Release|iPhone
		{3616ACA3-3D85-40DE-9776-117B35CC8BB5}.Release|iPhone.Deploy.0 = Release|iPhone
		{3616ACA3-3D85-40DE-9776-117B35CC8BB5}.Release|iPhoneSimulator.ActiveCfg = Release|iPhoneSimulator
		{3616ACA3-3D85-40DE-9776-117B35CC8BB5}.Release|iPhoneSimulator.Build.0 = Release|iPhoneSimulator
		{3616ACA3-3D85-40DE-9776-117B35CC8BB5}.Release|iPhoneSimulator.Deploy.0 = Release|iPhoneSimulator
		{8EB7327A-EB48-44D6-A214-0BC5F6773AF1}.Debug|Any CPU.ActiveCfg = Debug|Any CPU
		{8EB7327A-EB48-44D6-A214-0BC5F6773AF1}.Debug|Any CPU.Build.0 = Debug|Any CPU
		{8EB7327A-EB48-44D6-A214-0BC5F6773AF1}.Debug|Any CPU.Deploy.0 = Debug|Any CPU
		{8EB7327A-EB48-44D6-A214-0BC5F6773AF1}.Debug|iPhone.ActiveCfg = Debug|Any CPU
		{8EB7327A-EB48-44D6-A214-0BC5F6773AF1}.Debug|iPhone.Build.0 = Debug|Any CPU
		{8EB7327A-EB48-44D6-A214-0BC5F6773AF1}.Debug|iPhone.Deploy.0 = Debug|Any CPU
		{8EB7327A-EB48-44D6-A214-0BC5F6773AF1}.Debug|iPhoneSimulator.ActiveCfg = Debug|Any CPU
		{8EB7327A-EB48-44D6-A214-0BC5F6773AF1}.Debug|iPhoneSimulator.Build.0 = Debug|Any CPU
		{8EB7327A-EB48-44D6-A214-0BC5F6773AF1}.Debug|iPhoneSimulator.Deploy.0 = Debug|Any CPU
		{8EB7327A-EB48-44D6-A214-0BC5F6773AF1}.Release|Any CPU.ActiveCfg = Release|Any CPU
		{8EB7327A-EB48-44D6-A214-0BC5F6773AF1}.Release|Any CPU.Build.0 = Release|Any CPU
		{8EB7327A-EB48-44D6-A214-0BC5F6773AF1}.Release|Any CPU.Deploy.0 = Release|Any CPU
		{8EB7327A-EB48-44D6-A214-0BC5F6773AF1}.Release|iPhone.ActiveCfg = Release|Any CPU
		{8EB7327A-EB48-44D6-A214-0BC5F6773AF1}.Release|iPhone.Build.0 = Release|Any CPU
		{8EB7327A-EB48-44D6-A214-0BC5F6773AF1}.Release|iPhone.Deploy.0 = Release|Any CPU
		{8EB7327A-EB48-44D6-A214-0BC5F6773AF1}.Release|iPhoneSimulator.ActiveCfg = Release|Any CPU
		{8EB7327A-EB48-44D6-A214-0BC5F6773AF1}.Release|iPhoneSimulator.Build.0 = Release|Any CPU
		{8EB7327A-EB48-44D6-A214-0BC5F6773AF1}.Release|iPhoneSimulator.Deploy.0 = Release|Any CPU
	EndGlobalSection
	GlobalSection(SolutionProperties) = preSolution
		HideSolutionNode = FALSE
	EndGlobalSection
	GlobalSection(ExtensibilityGlobals) = postSolution
		SolutionGuid = {CB449CF5-DEA2-4AC8-A4BA-72EAD3B59D65}
	EndGlobalSection
EndGlobal
